
Microsoft Visual Studio Solution File, Format Version 12.00
# Visual Studio Version 17
VisualStudioVersion = 17.5.33502.453
MinimumVisualStudioVersion = 10.0.40219.1
Project("{FAE04EC0-301F-11D3-BF4B-00C04F79EFBC}") = "Mission14_aaronp5", "Mission14_aaronp5.csproj", "{29D63040-3A69-43D4-B698-E718E1E05EF7}"
EndProject
Global
	GlobalSection(SolutionConfigurationPlatforms) = preSolution
		Debug|Any CPU = Debug|Any CPU
		Release|Any CPU = Release|Any CPU
	EndGlobalSection
	GlobalSection(ProjectConfigurationPlatforms) = postSolution
		{29D63040-3A69-43D4-B698-E718E1E05EF7}.Debug|Any CPU.ActiveCfg = Debug|Any CPU
		{29D63040-3A69-43D4-B698-E718E1E05EF7}.Debug|Any CPU.Build.0 = Debug|Any CPU
		{29D63040-3A69-43D4-B698-E718E1E05EF7}.Release|Any CPU.ActiveCfg = Release|Any CPU
		{29D63040-3A69-43D4-B698-E718E1E05EF7}.Release|Any CPU.Build.0 = Release|Any CPU
	EndGlobalSection
	GlobalSection(SolutionProperties) = preSolution
		HideSolutionNode = FALSE
	EndGlobalSection
	GlobalSection(ExtensibilityGlobals) = postSolution
		SolutionGuid = {4072F875-C4A9-4026-AEAF-2FB0456FD23B}
	EndGlobalSection
EndGlobal
